// !$*UTF8*$!
{
   archiveVersion = "1";
   objectVersion = "46";
   objects = {
      "BetSwift::BetSwift" = {
         isa = "PBXNativeTarget";
         buildConfigurationList = "OBJ_154";
         buildPhases = (
            "OBJ_157",
            "OBJ_166",
         );
         dependencies = (
            "OBJ_172",
            "OBJ_173",
            "OBJ_174",
            "OBJ_175",
            "OBJ_176",
         );
         name = "BetSwift";
         productName = "BetSwift";
         productReference = "BetSwift::BetSwift::Product";
         productType = "com.apple.product-type.framework";
      };
      "BetSwift::BetSwift::Product" = {
         isa = "PBXFileReference";
         path = "BetSwift.framework";
         sourceTree = "BUILT_PRODUCTS_DIR";
      };
      "BetSwift::BetSwiftPackageTests::ProductTarget" = {
         isa = "PBXAggregateTarget";
         buildConfigurationList = "OBJ_261";
         buildPhases = (
         );
         dependencies = (
            "OBJ_264",
         );
         name = "BetSwiftPackageTests";
         productName = "BetSwiftPackageTests";
      };
      "BetSwift::BetSwiftTests" = {
         isa = "PBXNativeTarget";
         buildConfigurationList = "OBJ_128";
         buildPhases = (
            "OBJ_131",
            "OBJ_135",
         );
         dependencies = (
            "OBJ_142",
            "OBJ_144",
            "OBJ_146",
            "OBJ_148",
            "OBJ_150",
            "OBJ_152",
         );
         name = "BetSwiftTests";
         productName = "BetSwiftTests";
         productReference = "BetSwift::BetSwiftTests::Product";
         productType = "com.apple.product-type.bundle.unit-test";
      };
      "BetSwift::BetSwiftTests::Product" = {
         isa = "PBXFileReference";
         path = "BetSwiftTests.xctest";
         sourceTree = "BUILT_PRODUCTS_DIR";
      };
      "BetSwift::SwiftPMPackageDescription" = {
         isa = "PBXNativeTarget";
         buildConfigurationList = "OBJ_98";
         buildPhases = (
            "OBJ_101",
         );
         dependencies = (
         );
         name = "BetSwiftPackageDescription";
         productName = "BetSwiftPackageDescription";
         productType = "com.apple.product-type.framework";
      };
      "CCurl::CCurl::ProductTarget" = {
         isa = "PBXAggregateTarget";
         buildConfigurationList = "OBJ_272";
         buildPhases = (
         );
         dependencies = (
         );
         name = "CCurl";
         productName = "CCurl";
      };
      "Kitura-net::CHTTPParser" = {
         isa = "PBXNativeTarget";
         buildConfigurationList = "OBJ_225";
         buildPhases = (
            "OBJ_228",
            "OBJ_231",
         );
         dependencies = (
            "OBJ_235",
            "OBJ_236",
            "OBJ_237",
         );
         name = "CHTTPParser";
         productName = "CHTTPParser";
         productReference = "Kitura-net::CHTTPParser::Product";
         productType = "com.apple.product-type.framework";
      };
      "Kitura-net::CHTTPParser::Product" = {
         isa = "PBXFileReference";
         path = "CHTTPParser.framework";
         sourceTree = "BUILT_PRODUCTS_DIR";
      };
      "Kitura-net::Kitura-net::ProductTarget" = {
         isa = "PBXAggregateTarget";
         buildConfigurationList = "OBJ_266";
         buildPhases = (
         );
         dependencies = (
            "OBJ_269",
            "OBJ_270",
         );
         name = "Kitura-net";
         productName = "Kitura-net";
      };
      "Kitura-net::KituraNet" = {
         isa = "PBXNativeTarget";
         buildConfigurationList = "OBJ_177";
         buildPhases = (
            "OBJ_180",
            "OBJ_216",
         );
         dependencies = (
            "OBJ_221",
            "OBJ_222",
            "OBJ_223",
            "OBJ_224",
         );
         name = "KituraNet";
         productName = "KituraNet";
         productReference = "Kitura-net::KituraNet::Product";
         productType = "com.apple.product-type.framework";
      };
      "Kitura-net::KituraNet::Product" = {
         isa = "PBXFileReference";
         path = "KituraNet.framework";
         sourceTree = "BUILT_PRODUCTS_DIR";
      };
      "Kitura-net::SwiftPMPackageDescription" = {
         isa = "PBXNativeTarget";
         buildConfigurationList = "OBJ_104";
         buildPhases = (
            "OBJ_107",
         );
         dependencies = (
         );
         name = "Kitura-netPackageDescription";
         productName = "Kitura-netPackageDescription";
         productType = "com.apple.product-type.framework";
      };
      "LoggerAPI::LoggerAPI" = {
         isa = "PBXNativeTarget";
         buildConfigurationList = "OBJ_238";
         buildPhases = (
            "OBJ_241",
            "OBJ_243",
         );
         dependencies = (
         );
         name = "LoggerAPI";
         productName = "LoggerAPI";
         productReference = "LoggerAPI::LoggerAPI::Product";
         productType = "com.apple.product-type.framework";
      };
      "LoggerAPI::LoggerAPI::Product" = {
         isa = "PBXFileReference";
         path = "LoggerAPI.framework";
         sourceTree = "BUILT_PRODUCTS_DIR";
      };
      "LoggerAPI::SwiftPMPackageDescription" = {
         isa = "PBXNativeTarget";
         buildConfigurationList = "OBJ_110";
         buildPhases = (
            "OBJ_113",
         );
         dependencies = (
         );
         name = "LoggerAPIPackageDescription";
         productName = "LoggerAPIPackageDescription";
         productType = "com.apple.product-type.framework";
      };
      "OBJ_1" = {
         isa = "PBXProject";
         attributes = {
            LastUpgradeCheck = "9999";
         };
         buildConfigurationList = "OBJ_2";
         compatibilityVersion = "Xcode 3.2";
         developmentRegion = "English";
         hasScannedForEncodings = "0";
         knownRegions = (
            "en",
         );
         mainGroup = "OBJ_5";
         productRefGroup = "OBJ_89";
         projectDirPath = ".";
         targets = (
            "BetSwift::SwiftPMPackageDescription",
            "Kitura-net::SwiftPMPackageDescription",
            "LoggerAPI::SwiftPMPackageDescription",
            "SSLService::SwiftPMPackageDescription",
            "Socket::SwiftPMPackageDescription",
            "BetSwift::BetSwiftTests",
            "BetSwift::BetSwift",
            "Kitura-net::KituraNet",
            "Kitura-net::CHTTPParser",
            "LoggerAPI::LoggerAPI",
            "SSLService::SSLService",
            "Socket::Socket",
            "BetSwift::BetSwiftPackageTests::ProductTarget",
            "Kitura-net::Kitura-net::ProductTarget",
            "CCurl::CCurl::ProductTarget",
         );
      };
      "OBJ_10" = {
         isa = "PBXFileReference";
         path = "MarketBook.swift";
         sourceTree = "<group>";
      };
      "OBJ_100" = {
         isa = "XCBuildConfiguration";
         buildSettings = {
            LD = "/usr/bin/true";
            OTHER_SWIFT_FLAGS = (
               "-swift-version",
               "4",
               "-I",
               "/Applications/Xcode.app/Contents/Developer/Toolchains/XcodeDefault.xctoolchain/usr/lib/swift/pm/4",
               "-target",
               "x86_64-apple-macosx10.10",
               "-sdk",
               "/Applications/Xcode.app/Contents/Developer/Platforms/MacOSX.platform/Developer/SDKs/MacOSX10.13.sdk",
            );
            SWIFT_VERSION = "4.0";
         };
         name = "Release";
      };
      "OBJ_101" = {
         isa = "PBXSourcesBuildPhase";
         files = (
            "OBJ_102",
         );
      };
      "OBJ_102" = {
         isa = "PBXBuildFile";
         fileRef = "OBJ_6";
      };
      "OBJ_104" = {
         isa = "XCConfigurationList";
         buildConfigurations = (
            "OBJ_105",
            "OBJ_106",
         );
         defaultConfigurationIsVisible = "0";
         defaultConfigurationName = "Debug";
      };
      "OBJ_105" = {
         isa = "XCBuildConfiguration";
         buildSettings = {
            LD = "/usr/bin/true";
            OTHER_SWIFT_FLAGS = (
               "-swift-version",
               "3",
               "-I",
               "/Applications/Xcode.app/Contents/Developer/Toolchains/XcodeDefault.xctoolchain/usr/lib/swift/pm/3",
               "-target",
               "x86_64-apple-macosx10.10",
               "-sdk",
               "/Applications/Xcode.app/Contents/Developer/Platforms/MacOSX.platform/Developer/SDKs/MacOSX10.13.sdk",
            );
            SWIFT_VERSION = "3.0";
         };
         name = "Debug";
      };
      "OBJ_106" = {
         isa = "XCBuildConfiguration";
         buildSettings = {
            LD = "/usr/bin/true";
            OTHER_SWIFT_FLAGS = (
               "-swift-version",
               "3",
               "-I",
               "/Applications/Xcode.app/Contents/Developer/Toolchains/XcodeDefault.xctoolchain/usr/lib/swift/pm/3",
               "-target",
               "x86_64-apple-macosx10.10",
               "-sdk",
               "/Applications/Xcode.app/Contents/Developer/Platforms/MacOSX.platform/Developer/SDKs/MacOSX10.13.sdk",
            );
            SWIFT_VERSION = "3.0";
         };
         name = "Release";
      };
      "OBJ_107" = {
         isa = "PBXSourcesBuildPhase";
         files = (
            "OBJ_108",
         );
      };
      "OBJ_108" = {
         isa = "PBXBuildFile";
         fileRef = "OBJ_74";
      };
      "OBJ_11" = {
         isa = "PBXFileReference";
         path = "Op.swift";
         sourceTree = "<group>";
      };
      "OBJ_110" = {
         isa = "XCConfigurationList";
         buildConfigurations = (
            "OBJ_111",
            "OBJ_112",
         );
         defaultConfigurationIsVisible = "0";
         defaultConfigurationName = "Debug";
      };
      "OBJ_111" = {
         isa = "XCBuildConfiguration";
         buildSettings = {
            LD = "/usr/bin/true";
            OTHER_SWIFT_FLAGS = (
               "-swift-version",
               "4",
               "-I",
               "/Applications/Xcode.app/Contents/Developer/Toolchains/XcodeDefault.xctoolchain/usr/lib/swift/pm/4",
               "-target",
               "x86_64-apple-macosx10.10",
               "-sdk",
               "/Applications/Xcode.app/Contents/Developer/Platforms/MacOSX.platform/Developer/SDKs/MacOSX10.13.sdk",
            );
            SWIFT_VERSION = "4.0";
         };
         name = "Debug";
      };
      "OBJ_112" = {
         isa = "XCBuildConfiguration";
         buildSettings = {
            LD = "/usr/bin/true";
            OTHER_SWIFT_FLAGS = (
               "-swift-version",
               "4",
               "-I",
               "/Applications/Xcode.app/Contents/Developer/Toolchains/XcodeDefault.xctoolchain/usr/lib/swift/pm/4",
               "-target",
               "x86_64-apple-macosx10.10",
               "-sdk",
               "/Applications/Xcode.app/Contents/Developer/Platforms/MacOSX.platform/Developer/SDKs/MacOSX10.13.sdk",
            );
            SWIFT_VERSION = "4.0";
         };
         name = "Release";
      };
      "OBJ_113" = {
         isa = "PBXSourcesBuildPhase";
         files = (
            "OBJ_114",
         );
      };
      "OBJ_114" = {
         isa = "PBXBuildFile";
         fileRef = "OBJ_78";
      };
      "OBJ_116" = {
         isa = "XCConfigurationList";
         buildConfigurations = (
            "OBJ_117",
            "OBJ_118",
         );
         defaultConfigurationIsVisible = "0";
         defaultConfigurationName = "Debug";
      };
      "OBJ_117" = {
         isa = "XCBuildConfiguration";
         buildSettings = {
            LD = "/usr/bin/true";
            OTHER_SWIFT_FLAGS = (
               "-swift-version",
               "4",
               "-I",
               "/Applications/Xcode.app/Contents/Developer/Toolchains/XcodeDefault.xctoolchain/usr/lib/swift/pm/4",
               "-target",
               "x86_64-apple-macosx10.10",
               "-sdk",
               "/Applications/Xcode.app/Contents/Developer/Platforms/MacOSX.platform/Developer/SDKs/MacOSX10.13.sdk",
            );
            SWIFT_VERSION = "4.0";
         };
         name = "Debug";
      };
      "OBJ_118" = {
         isa = "XCBuildConfiguration";
         buildSettings = {
            LD = "/usr/bin/true";
            OTHER_SWIFT_FLAGS = (
               "-swift-version",
               "4",
               "-I",
               "/Applications/Xcode.app/Contents/Developer/Toolchains/XcodeDefault.xctoolchain/usr/lib/swift/pm/4",
               "-target",
               "x86_64-apple-macosx10.10",
               "-sdk",
               "/Applications/Xcode.app/Contents/Developer/Platforms/MacOSX.platform/Developer/SDKs/MacOSX10.13.sdk",
            );
            SWIFT_VERSION = "4.0";
         };
         name = "Release";
      };
      "OBJ_119" = {
         isa = "PBXSourcesBuildPhase";
         files = (
            "OBJ_120",
         );
      };
      "OBJ_12" = {
         isa = "PBXGroup";
         children = (
            "OBJ_13",
            "OBJ_14",
         );
         name = "Op";
         path = "Op";
         sourceTree = "<group>";
      };
      "OBJ_120" = {
         isa = "PBXBuildFile";
         fileRef = "OBJ_82";
      };
      "OBJ_122" = {
         isa = "XCConfigurationList";
         buildConfigurations = (
            "OBJ_123",
            "OBJ_124",
         );
         defaultConfigurationIsVisible = "0";
         defaultConfigurationName = "Debug";
      };
      "OBJ_123" = {
         isa = "XCBuildConfiguration";
         buildSettings = {
            LD = "/usr/bin/true";
            OTHER_SWIFT_FLAGS = (
               "-swift-version",
               "4",
               "-I",
               "/Applications/Xcode.app/Contents/Developer/Toolchains/XcodeDefault.xctoolchain/usr/lib/swift/pm/4",
               "-target",
               "x86_64-apple-macosx10.10",
               "-sdk",
               "/Applications/Xcode.app/Contents/Developer/Platforms/MacOSX.platform/Developer/SDKs/MacOSX10.13.sdk",
            );
            SWIFT_VERSION = "4.0";
         };
         name = "Debug";
      };
      "OBJ_124" = {
         isa = "XCBuildConfiguration";
         buildSettings = {
            LD = "/usr/bin/true";
            OTHER_SWIFT_FLAGS = (
               "-swift-version",
               "4",
               "-I",
               "/Applications/Xcode.app/Contents/Developer/Toolchains/XcodeDefault.xctoolchain/usr/lib/swift/pm/4",
               "-target",
               "x86_64-apple-macosx10.10",
               "-sdk",
               "/Applications/Xcode.app/Contents/Developer/Platforms/MacOSX.platform/Developer/SDKs/MacOSX10.13.sdk",
            );
            SWIFT_VERSION = "4.0";
         };
         name = "Release";
      };
      "OBJ_125" = {
         isa = "PBXSourcesBuildPhase";
         files = (
            "OBJ_126",
         );
      };
      "OBJ_126" = {
         isa = "PBXBuildFile";
         fileRef = "OBJ_88";
      };
      "OBJ_128" = {
         isa = "XCConfigurationList";
         buildConfigurations = (
            "OBJ_129",
            "OBJ_130",
         );
         defaultConfigurationIsVisible = "0";
         defaultConfigurationName = "Debug";
      };
      "OBJ_129" = {
         isa = "XCBuildConfiguration";
         buildSettings = {
            EMBEDDED_CONTENT_CONTAINS_SWIFT = "YES";
            FRAMEWORK_SEARCH_PATHS = (
               "$(inherited)",
               "$(PLATFORM_DIR)/Developer/Library/Frameworks",
            );
            HEADER_SEARCH_PATHS = (
               "$(inherited)",
               "$(SRCROOT)/.build/checkouts/Kitura-net.git-7006692943447382029/Sources/CHTTPParser/include",
               "$(SRCROOT)/.build/checkouts/CCurl.git-8026296523752779197",
               "$(SRCROOT)/BetSwift.xcodeproj/GeneratedModuleMap/CHTTPParser",
            );
            INFOPLIST_FILE = "BetSwift.xcodeproj/BetSwiftTests_Info.plist";
            LD_RUNPATH_SEARCH_PATHS = (
               "@loader_path/../Frameworks",
               "@loader_path/Frameworks",
            );
            OTHER_LDFLAGS = (
               "$(inherited)",
            );
            OTHER_SWIFT_FLAGS = (
               "$(inherited)",
               "-Xcc",
               "-fmodule-map-file=$(SRCROOT)/BetSwift.xcodeproj/GeneratedModuleMap/CHTTPParser/module.modulemap",
            );
            SWIFT_VERSION = "4.0";
            TARGET_NAME = "BetSwiftTests";
         };
         name = "Debug";
      };
      "OBJ_13" = {
         isa = "PBXFileReference";
         path = "Request.swift";
         sourceTree = "<group>";
      };
      "OBJ_130" = {
         isa = "XCBuildConfiguration";
         buildSettings = {
            EMBEDDED_CONTENT_CONTAINS_SWIFT = "YES";
            FRAMEWORK_SEARCH_PATHS = (
               "$(inherited)",
               "$(PLATFORM_DIR)/Developer/Library/Frameworks",
            );
            HEADER_SEARCH_PATHS = (
               "$(inherited)",
               "$(SRCROOT)/.build/checkouts/Kitura-net.git-7006692943447382029/Sources/CHTTPParser/include",
               "$(SRCROOT)/.build/checkouts/CCurl.git-8026296523752779197",
               "$(SRCROOT)/BetSwift.xcodeproj/GeneratedModuleMap/CHTTPParser",
            );
            INFOPLIST_FILE = "BetSwift.xcodeproj/BetSwiftTests_Info.plist";
            LD_RUNPATH_SEARCH_PATHS = (
               "@loader_path/../Frameworks",
               "@loader_path/Frameworks",
            );
            OTHER_LDFLAGS = (
               "$(inherited)",
            );
            OTHER_SWIFT_FLAGS = (
               "$(inherited)",
               "-Xcc",
               "-fmodule-map-file=$(SRCROOT)/BetSwift.xcodeproj/GeneratedModuleMap/CHTTPParser/module.modulemap",
            );
            SWIFT_VERSION = "4.0";
            TARGET_NAME = "BetSwiftTests";
         };
         name = "Release";
      };
      "OBJ_131" = {
         isa = "PBXSourcesBuildPhase";
         files = (
            "OBJ_132",
            "OBJ_133",
            "OBJ_134",
         );
      };
      "OBJ_132" = {
         isa = "PBXBuildFile";
         fileRef = "OBJ_20";
      };
      "OBJ_133" = {
         isa = "PBXBuildFile";
         fileRef = "OBJ_21";
      };
      "OBJ_134" = {
         isa = "PBXBuildFile";
         fileRef = "OBJ_22";
      };
      "OBJ_135" = {
         isa = "PBXFrameworksBuildPhase";
         files = (
            "OBJ_136",
            "OBJ_137",
            "OBJ_138",
            "OBJ_139",
            "OBJ_140",
            "OBJ_141",
         );
      };
      "OBJ_136" = {
         isa = "PBXBuildFile";
         fileRef = "BetSwift::BetSwift::Product";
      };
      "OBJ_137" = {
         isa = "PBXBuildFile";
         fileRef = "Kitura-net::KituraNet::Product";
      };
      "OBJ_138" = {
         isa = "PBXBuildFile";
         fileRef = "Kitura-net::CHTTPParser::Product";
      };
      "OBJ_139" = {
         isa = "PBXBuildFile";
         fileRef = "LoggerAPI::LoggerAPI::Product";
      };
      "OBJ_14" = {
         isa = "PBXFileReference";
         path = "Response.swift";
         sourceTree = "<group>";
      };
      "OBJ_140" = {
         isa = "PBXBuildFile";
         fileRef = "SSLService::SSLService::Product";
      };
      "OBJ_141" = {
         isa = "PBXBuildFile";
         fileRef = "Socket::Socket::Product";
      };
      "OBJ_142" = {
         isa = "PBXTargetDependency";
         target = "BetSwift::BetSwift";
      };
      "OBJ_144" = {
         isa = "PBXTargetDependency";
         target = "Kitura-net::KituraNet";
      };
      "OBJ_146" = {
         isa = "PBXTargetDependency";
         target = "Kitura-net::CHTTPParser";
      };
      "OBJ_148" = {
         isa = "PBXTargetDependency";
         target = "LoggerAPI::LoggerAPI";
      };
      "OBJ_15" = {
         isa = "PBXFileReference";
         path = "Queue.swift";
         sourceTree = "<group>";
      };
      "OBJ_150" = {
         isa = "PBXTargetDependency";
         target = "SSLService::SSLService";
      };
      "OBJ_152" = {
         isa = "PBXTargetDependency";
         target = "Socket::Socket";
      };
      "OBJ_154" = {
         isa = "XCConfigurationList";
         buildConfigurations = (
            "OBJ_155",
            "OBJ_156",
         );
         defaultConfigurationIsVisible = "0";
         defaultConfigurationName = "Debug";
      };
      "OBJ_155" = {
         isa = "XCBuildConfiguration";
         buildSettings = {
            ENABLE_TESTABILITY = "YES";
            FRAMEWORK_SEARCH_PATHS = (
               "$(inherited)",
               "$(PLATFORM_DIR)/Developer/Library/Frameworks",
            );
            HEADER_SEARCH_PATHS = (
               "$(inherited)",
               "$(SRCROOT)/.build/checkouts/Kitura-net.git-7006692943447382029/Sources/CHTTPParser/include",
               "$(SRCROOT)/.build/checkouts/CCurl.git-8026296523752779197",
               "$(SRCROOT)/BetSwift.xcodeproj/GeneratedModuleMap/CHTTPParser",
            );
            INFOPLIST_FILE = "BetSwift.xcodeproj/BetSwift_Info.plist";
            LD_RUNPATH_SEARCH_PATHS = (
               "$(TOOLCHAIN_DIR)/usr/lib/swift/macosx",
            );
            OTHER_LDFLAGS = (
               "$(inherited)",
            );
            OTHER_SWIFT_FLAGS = (
               "$(inherited)",
               "-Xcc",
               "-fmodule-map-file=$(SRCROOT)/BetSwift.xcodeproj/GeneratedModuleMap/CHTTPParser/module.modulemap",
            );
            PRODUCT_BUNDLE_IDENTIFIER = "BetSwift";
            PRODUCT_MODULE_NAME = "$(TARGET_NAME:c99extidentifier)";
            PRODUCT_NAME = "$(TARGET_NAME:c99extidentifier)";
            SKIP_INSTALL = "YES";
            SWIFT_VERSION = "4.0";
            TARGET_NAME = "BetSwift";
         };
         name = "Debug";
      };
      "OBJ_156" = {
         isa = "XCBuildConfiguration";
         buildSettings = {
            ENABLE_TESTABILITY = "YES";
            FRAMEWORK_SEARCH_PATHS = (
               "$(inherited)",
               "$(PLATFORM_DIR)/Developer/Library/Frameworks",
            );
            HEADER_SEARCH_PATHS = (
               "$(inherited)",
               "$(SRCROOT)/.build/checkouts/Kitura-net.git-7006692943447382029/Sources/CHTTPParser/include",
               "$(SRCROOT)/.build/checkouts/CCurl.git-8026296523752779197",
               "$(SRCROOT)/BetSwift.xcodeproj/GeneratedModuleMap/CHTTPParser",
            );
            INFOPLIST_FILE = "BetSwift.xcodeproj/BetSwift_Info.plist";
            LD_RUNPATH_SEARCH_PATHS = (
               "$(TOOLCHAIN_DIR)/usr/lib/swift/macosx",
            );
            OTHER_LDFLAGS = (
               "$(inherited)",
            );
            OTHER_SWIFT_FLAGS = (
               "$(inherited)",
               "-Xcc",
               "-fmodule-map-file=$(SRCROOT)/BetSwift.xcodeproj/GeneratedModuleMap/CHTTPParser/module.modulemap",
            );
            PRODUCT_BUNDLE_IDENTIFIER = "BetSwift";
            PRODUCT_MODULE_NAME = "$(TARGET_NAME:c99extidentifier)";
            PRODUCT_NAME = "$(TARGET_NAME:c99extidentifier)";
            SKIP_INSTALL = "YES";
            SWIFT_VERSION = "4.0";
            TARGET_NAME = "BetSwift";
         };
         name = "Release";
      };
      "OBJ_157" = {
         isa = "PBXSourcesBuildPhase";
         files = (
            "OBJ_158",
            "OBJ_159",
            "OBJ_160",
            "OBJ_161",
            "OBJ_162",
            "OBJ_163",
            "OBJ_164",
            "OBJ_165",
         );
      };
      "OBJ_158" = {
         isa = "PBXBuildFile";
         fileRef = "OBJ_9";
      };
      "OBJ_159" = {
         isa = "PBXBuildFile";
         fileRef = "OBJ_10";
      };
      "OBJ_16" = {
         isa = "PBXFileReference";
         path = "SessionToken.swift";
         sourceTree = "<group>";
      };
      "OBJ_160" = {
         isa = "PBXBuildFile";
         fileRef = "OBJ_11";
      };
      "OBJ_161" = {
         isa = "PBXBuildFile";
         fileRef = "OBJ_13";
      };
      "OBJ_162" = {
         isa = "PBXBuildFile";
         fileRef = "OBJ_14";
      };
      "OBJ_163" = {
         isa = "PBXBuildFile";
         fileRef = "OBJ_15";
      };
      "OBJ_164" = {
         isa = "PBXBuildFile";
         fileRef = "OBJ_16";
      };
      "OBJ_165" = {
         isa = "PBXBuildFile";
         fileRef = "OBJ_17";
      };
      "OBJ_166" = {
         isa = "PBXFrameworksBuildPhase";
         files = (
            "OBJ_167",
            "OBJ_168",
            "OBJ_169",
            "OBJ_170",
            "OBJ_171",
         );
      };
      "OBJ_167" = {
         isa = "PBXBuildFile";
         fileRef = "Kitura-net::KituraNet::Product";
      };
      "OBJ_168" = {
         isa = "PBXBuildFile";
         fileRef = "Kitura-net::CHTTPParser::Product";
      };
      "OBJ_169" = {
         isa = "PBXBuildFile";
         fileRef = "LoggerAPI::LoggerAPI::Product";
      };
      "OBJ_17" = {
         isa = "PBXFileReference";
         path = "Stream.swift";
         sourceTree = "<group>";
      };
      "OBJ_170" = {
         isa = "PBXBuildFile";
         fileRef = "SSLService::SSLService::Product";
      };
      "OBJ_171" = {
         isa = "PBXBuildFile";
         fileRef = "Socket::Socket::Product";
      };
      "OBJ_172" = {
         isa = "PBXTargetDependency";
         target = "Kitura-net::KituraNet";
      };
      "OBJ_173" = {
         isa = "PBXTargetDependency";
         target = "Kitura-net::CHTTPParser";
      };
      "OBJ_174" = {
         isa = "PBXTargetDependency";
         target = "LoggerAPI::LoggerAPI";
      };
      "OBJ_175" = {
         isa = "PBXTargetDependency";
         target = "SSLService::SSLService";
      };
      "OBJ_176" = {
         isa = "PBXTargetDependency";
         target = "Socket::Socket";
      };
      "OBJ_177" = {
         isa = "XCConfigurationList";
         buildConfigurations = (
            "OBJ_178",
            "OBJ_179",
         );
         defaultConfigurationIsVisible = "0";
         defaultConfigurationName = "Debug";
      };
      "OBJ_178" = {
         isa = "XCBuildConfiguration";
         buildSettings = {
            ENABLE_TESTABILITY = "YES";
            FRAMEWORK_SEARCH_PATHS = (
               "$(inherited)",
               "$(PLATFORM_DIR)/Developer/Library/Frameworks",
            );
            HEADER_SEARCH_PATHS = (
               "$(inherited)",
               "$(SRCROOT)/.build/checkouts/Kitura-net.git-7006692943447382029/Sources/CHTTPParser/include",
               "$(SRCROOT)/.build/checkouts/CCurl.git-8026296523752779197",
               "$(SRCROOT)/BetSwift.xcodeproj/GeneratedModuleMap/CHTTPParser",
            );
            INFOPLIST_FILE = "BetSwift.xcodeproj/KituraNet_Info.plist";
            LD_RUNPATH_SEARCH_PATHS = (
               "$(TOOLCHAIN_DIR)/usr/lib/swift/macosx",
            );
            OTHER_LDFLAGS = (
               "$(inherited)",
            );
            OTHER_SWIFT_FLAGS = (
               "$(inherited)",
               "-Xcc",
               "-fmodule-map-file=$(SRCROOT)/BetSwift.xcodeproj/GeneratedModuleMap/CHTTPParser/module.modulemap",
            );
            PRODUCT_BUNDLE_IDENTIFIER = "KituraNet";
            PRODUCT_MODULE_NAME = "$(TARGET_NAME:c99extidentifier)";
            PRODUCT_NAME = "$(TARGET_NAME:c99extidentifier)";
            SKIP_INSTALL = "YES";
            SWIFT_VERSION = "3.0";
            TARGET_NAME = "KituraNet";
         };
         name = "Debug";
      };
      "OBJ_179" = {
         isa = "XCBuildConfiguration";
         buildSettings = {
            ENABLE_TESTABILITY = "YES";
            FRAMEWORK_SEARCH_PATHS = (
               "$(inherited)",
               "$(PLATFORM_DIR)/Developer/Library/Frameworks",
            );
            HEADER_SEARCH_PATHS = (
               "$(inherited)",
               "$(SRCROOT)/.build/checkouts/Kitura-net.git-7006692943447382029/Sources/CHTTPParser/include",
               "$(SRCROOT)/.build/checkouts/CCurl.git-8026296523752779197",
               "$(SRCROOT)/BetSwift.xcodeproj/GeneratedModuleMap/CHTTPParser",
            );
            INFOPLIST_FILE = "BetSwift.xcodeproj/KituraNet_Info.plist";
            LD_RUNPATH_SEARCH_PATHS = (
               "$(TOOLCHAIN_DIR)/usr/lib/swift/macosx",
            );
            OTHER_LDFLAGS = (
               "$(inherited)",
            );
            OTHER_SWIFT_FLAGS = (
               "$(inherited)",
               "-Xcc",
               "-fmodule-map-file=$(SRCROOT)/BetSwift.xcodeproj/GeneratedModuleMap/CHTTPParser/module.modulemap",
            );
            PRODUCT_BUNDLE_IDENTIFIER = "KituraNet";
            PRODUCT_MODULE_NAME = "$(TARGET_NAME:c99extidentifier)";
            PRODUCT_NAME = "$(TARGET_NAME:c99extidentifier)";
            SKIP_INSTALL = "YES";
            SWIFT_VERSION = "3.0";
            TARGET_NAME = "KituraNet";
         };
         name = "Release";
      };
      "OBJ_18" = {
         isa = "PBXGroup";
         children = (
            "OBJ_19",
         );
         name = "Tests";
         path = "";
         sourceTree = "SOURCE_ROOT";
      };
      "OBJ_180" = {
         isa = "PBXSourcesBuildPhase";
         files = (
            "OBJ_181",
            "OBJ_182",
            "OBJ_183",
            "OBJ_184",
            "OBJ_185",
            "OBJ_186",
            "OBJ_187",
            "OBJ_188",
            "OBJ_189",
            "OBJ_190",
            "OBJ_191",
            "OBJ_192",
            "OBJ_193",
            "OBJ_194",
            "OBJ_195",
            "OBJ_196",
            "OBJ_197",
            "OBJ_198",
            "OBJ_199",
            "OBJ_200",
            "OBJ_201",
            "OBJ_202",
            "OBJ_203",
            "OBJ_204",
            "OBJ_205",
            "OBJ_206",
            "OBJ_207",
            "OBJ_208",
            "OBJ_209",
            "OBJ_210",
            "OBJ_211",
            "OBJ_212",
            "OBJ_213",
            "OBJ_214",
            "OBJ_215",
         );
      };
      "OBJ_181" = {
         isa = "PBXBuildFile";
         fileRef = "OBJ_35";
      };
      "OBJ_182" = {
         isa = "PBXBuildFile";
         fileRef = "OBJ_36";
      };
      "OBJ_183" = {
         isa = "PBXBuildFile";
         fileRef = "OBJ_37";
      };
      "OBJ_184" = {
         isa = "PBXBuildFile";
         fileRef = "OBJ_38";
      };
      "OBJ_185" = {
         isa = "PBXBuildFile";
         fileRef = "OBJ_39";
      };
      "OBJ_186" = {
         isa = "PBXBuildFile";
         fileRef = "OBJ_40";
      };
      "OBJ_187" = {
         isa = "PBXBuildFile";
         fileRef = "OBJ_42";
      };
      "OBJ_188" = {
         isa = "PBXBuildFile";
         fileRef = "OBJ_43";
      };
      "OBJ_189" = {
         isa = "PBXBuildFile";
         fileRef = "OBJ_44";
      };
      "OBJ_19" = {
         isa = "PBXGroup";
         children = (
            "OBJ_20",
            "OBJ_21",
            "OBJ_22",
         );
         name = "BetSwiftTests";
         path = "Tests/BetSwiftTests";
         sourceTree = "SOURCE_ROOT";
      };
      "OBJ_190" = {
         isa = "PBXBuildFile";
         fileRef = "OBJ_45";
      };
      "OBJ_191" = {
         isa = "PBXBuildFile";
         fileRef = "OBJ_46";
      };
      "OBJ_192" = {
         isa = "PBXBuildFile";
         fileRef = "OBJ_47";
      };
      "OBJ_193" = {
         isa = "PBXBuildFile";
         fileRef = "OBJ_49";
      };
      "OBJ_194" = {
         isa = "PBXBuildFile";
         fileRef = "OBJ_50";
      };
      "OBJ_195" = {
         isa = "PBXBuildFile";
         fileRef = "OBJ_51";
      };
      "OBJ_196" = {
         isa = "PBXBuildFile";
         fileRef = "OBJ_52";
      };
      "OBJ_197" = {
         isa = "PBXBuildFile";
         fileRef = "OBJ_53";
      };
      "OBJ_198" = {
         isa = "PBXBuildFile";
         fileRef = "OBJ_55";
      };
      "OBJ_199" = {
         isa = "PBXBuildFile";
         fileRef = "OBJ_56";
      };
      "OBJ_2" = {
         isa = "XCConfigurationList";
         buildConfigurations = (
            "OBJ_3",
            "OBJ_4",
         );
         defaultConfigurationIsVisible = "0";
         defaultConfigurationName = "Debug";
      };
      "OBJ_20" = {
         isa = "PBXFileReference";
         path = "DataTests.swift";
         sourceTree = "<group>";
      };
      "OBJ_200" = {
         isa = "PBXBuildFile";
         fileRef = "OBJ_57";
      };
      "OBJ_201" = {
         isa = "PBXBuildFile";
         fileRef = "OBJ_58";
      };
      "OBJ_202" = {
         isa = "PBXBuildFile";
         fileRef = "OBJ_59";
      };
      "OBJ_203" = {
         isa = "PBXBuildFile";
         fileRef = "OBJ_60";
      };
      "OBJ_204" = {
         isa = "PBXBuildFile";
         fileRef = "OBJ_61";
      };
      "OBJ_205" = {
         isa = "PBXBuildFile";
         fileRef = "OBJ_62";
      };
      "OBJ_206" = {
         isa = "PBXBuildFile";
         fileRef = "OBJ_63";
      };
      "OBJ_207" = {
         isa = "PBXBuildFile";
         fileRef = "OBJ_64";
      };
      "OBJ_208" = {
         isa = "PBXBuildFile";
         fileRef = "OBJ_65";
      };
      "OBJ_209" = {
         isa = "PBXBuildFile";
         fileRef = "OBJ_67";
      };
      "OBJ_21" = {
         isa = "PBXFileReference";
         path = "OpTests.swift";
         sourceTree = "<group>";
      };
      "OBJ_210" = {
         isa = "PBXBuildFile";
         fileRef = "OBJ_68";
      };
      "OBJ_211" = {
         isa = "PBXBuildFile";
         fileRef = "OBJ_69";
      };
      "OBJ_212" = {
         isa = "PBXBuildFile";
         fileRef = "OBJ_70";
      };
      "OBJ_213" = {
         isa = "PBXBuildFile";
         fileRef = "OBJ_71";
      };
      "OBJ_214" = {
         isa = "PBXBuildFile";
         fileRef = "OBJ_72";
      };
      "OBJ_215" = {
         isa = "PBXBuildFile";
         fileRef = "OBJ_73";
      };
      "OBJ_216" = {
         isa = "PBXFrameworksBuildPhase";
         files = (
            "OBJ_217",
            "OBJ_218",
            "OBJ_219",
            "OBJ_220",
         );
      };
      "OBJ_217" = {
         isa = "PBXBuildFile";
         fileRef = "Kitura-net::CHTTPParser::Product";
      };
      "OBJ_218" = {
         isa = "PBXBuildFile";
         fileRef = "SSLService::SSLService::Product";
      };
      "OBJ_219" = {
         isa = "PBXBuildFile";
         fileRef = "Socket::Socket::Product";
      };
      "OBJ_22" = {
         isa = "PBXFileReference";
         path = "PriceChangeTests.swift";
         sourceTree = "<group>";
      };
      "OBJ_220" = {
         isa = "PBXBuildFile";
         fileRef = "LoggerAPI::LoggerAPI::Product";
      };
      "OBJ_221" = {
         isa = "PBXTargetDependency";
         target = "Kitura-net::CHTTPParser";
      };
      "OBJ_222" = {
         isa = "PBXTargetDependency";
         target = "SSLService::SSLService";
      };
      "OBJ_223" = {
         isa = "PBXTargetDependency";
         target = "Socket::Socket";
      };
      "OBJ_224" = {
         isa = "PBXTargetDependency";
         target = "LoggerAPI::LoggerAPI";
      };
      "OBJ_225" = {
         isa = "XCConfigurationList";
         buildConfigurations = (
            "OBJ_226",
            "OBJ_227",
         );
         defaultConfigurationIsVisible = "0";
         defaultConfigurationName = "Debug";
      };
      "OBJ_226" = {
         isa = "XCBuildConfiguration";
         buildSettings = {
            DEFINES_MODULE = "NO";
            ENABLE_TESTABILITY = "YES";
            FRAMEWORK_SEARCH_PATHS = (
               "$(inherited)",
               "$(PLATFORM_DIR)/Developer/Library/Frameworks",
            );
            HEADER_SEARCH_PATHS = (
               "$(inherited)",
               "$(SRCROOT)/.build/checkouts/Kitura-net.git-7006692943447382029/Sources/CHTTPParser/include",
               "$(SRCROOT)/.build/checkouts/CCurl.git-8026296523752779197",
            );
            INFOPLIST_FILE = "BetSwift.xcodeproj/CHTTPParser_Info.plist";
            LD_RUNPATH_SEARCH_PATHS = (
               "$(TOOLCHAIN_DIR)/usr/lib/swift/macosx",
            );
            OTHER_LDFLAGS = (
               "$(inherited)",
            );
            OTHER_SWIFT_FLAGS = (
               "$(inherited)",
            );
            PRODUCT_BUNDLE_IDENTIFIER = "CHTTPParser";
            PRODUCT_MODULE_NAME = "$(TARGET_NAME:c99extidentifier)";
            PRODUCT_NAME = "$(TARGET_NAME:c99extidentifier)";
            SKIP_INSTALL = "YES";
            TARGET_NAME = "CHTTPParser";
         };
         name = "Debug";
      };
      "OBJ_227" = {
         isa = "XCBuildConfiguration";
         buildSettings = {
            DEFINES_MODULE = "NO";
            ENABLE_TESTABILITY = "YES";
            FRAMEWORK_SEARCH_PATHS = (
               "$(inherited)",
               "$(PLATFORM_DIR)/Developer/Library/Frameworks",
            );
            HEADER_SEARCH_PATHS = (
               "$(inherited)",
               "$(SRCROOT)/.build/checkouts/Kitura-net.git-7006692943447382029/Sources/CHTTPParser/include",
               "$(SRCROOT)/.build/checkouts/CCurl.git-8026296523752779197",
            );
            INFOPLIST_FILE = "BetSwift.xcodeproj/CHTTPParser_Info.plist";
            LD_RUNPATH_SEARCH_PATHS = (
               "$(TOOLCHAIN_DIR)/usr/lib/swift/macosx",
            );
            OTHER_LDFLAGS = (
               "$(inherited)",
            );
            OTHER_SWIFT_FLAGS = (
               "$(inherited)",
            );
            PRODUCT_BUNDLE_IDENTIFIER = "CHTTPParser";
            PRODUCT_MODULE_NAME = "$(TARGET_NAME:c99extidentifier)";
            PRODUCT_NAME = "$(TARGET_NAME:c99extidentifier)";
            SKIP_INSTALL = "YES";
            TARGET_NAME = "CHTTPParser";
         };
         name = "Release";
      };
      "OBJ_228" = {
         isa = "PBXSourcesBuildPhase";
         files = (
            "OBJ_229",
            "OBJ_230",
         );
      };
      "OBJ_229" = {
         isa = "PBXBuildFile";
         fileRef = "OBJ_27";
      };
      "OBJ_23" = {
         isa = "PBXFileReference";
         path = "DerivedData";
         sourceTree = "SOURCE_ROOT";
      };
      "OBJ_230" = {
         isa = "PBXBuildFile";
         fileRef = "OBJ_28";
      };
      "OBJ_231" = {
         isa = "PBXFrameworksBuildPhase";
         files = (
            "OBJ_232",
            "OBJ_233",
            "OBJ_234",
         );
      };
      "OBJ_232" = {
         isa = "PBXBuildFile";
         fileRef = "SSLService::SSLService::Product";
      };
      "OBJ_233" = {
         isa = "PBXBuildFile";
         fileRef = "Socket::Socket::Product";
      };
      "OBJ_234" = {
         isa = "PBXBuildFile";
         fileRef = "LoggerAPI::LoggerAPI::Product";
      };
      "OBJ_235" = {
         isa = "PBXTargetDependency";
         target = "SSLService::SSLService";
      };
      "OBJ_236" = {
         isa = "PBXTargetDependency";
         target = "Socket::Socket";
      };
      "OBJ_237" = {
         isa = "PBXTargetDependency";
         target = "LoggerAPI::LoggerAPI";
      };
      "OBJ_238" = {
         isa = "XCConfigurationList";
         buildConfigurations = (
            "OBJ_239",
            "OBJ_240",
         );
         defaultConfigurationIsVisible = "0";
         defaultConfigurationName = "Debug";
      };
      "OBJ_239" = {
         isa = "XCBuildConfiguration";
         buildSettings = {
            ENABLE_TESTABILITY = "YES";
            FRAMEWORK_SEARCH_PATHS = (
               "$(inherited)",
               "$(PLATFORM_DIR)/Developer/Library/Frameworks",
            );
            HEADER_SEARCH_PATHS = (
               "$(inherited)",
            );
            INFOPLIST_FILE = "BetSwift.xcodeproj/LoggerAPI_Info.plist";
            LD_RUNPATH_SEARCH_PATHS = (
               "$(TOOLCHAIN_DIR)/usr/lib/swift/macosx",
            );
            OTHER_LDFLAGS = (
               "$(inherited)",
            );
            OTHER_SWIFT_FLAGS = (
               "$(inherited)",
            );
            PRODUCT_BUNDLE_IDENTIFIER = "LoggerAPI";
            PRODUCT_MODULE_NAME = "$(TARGET_NAME:c99extidentifier)";
            PRODUCT_NAME = "$(TARGET_NAME:c99extidentifier)";
            SKIP_INSTALL = "YES";
            SWIFT_VERSION = "4.0";
            TARGET_NAME = "LoggerAPI";
         };
         name = "Debug";
      };
      "OBJ_24" = {
         isa = "PBXGroup";
         children = (
            "OBJ_25",
            "OBJ_75",
            "OBJ_79",
            "OBJ_83",
         );
         name = "Dependencies";
         path = "";
         sourceTree = "<group>";
      };
      "OBJ_240" = {
         isa = "XCBuildConfiguration";
         buildSettings = {
            ENABLE_TESTABILITY = "YES";
            FRAMEWORK_SEARCH_PATHS = (
               "$(inherited)",
               "$(PLATFORM_DIR)/Developer/Library/Frameworks",
            );
            HEADER_SEARCH_PATHS = (
               "$(inherited)",
            );
            INFOPLIST_FILE = "BetSwift.xcodeproj/LoggerAPI_Info.plist";
            LD_RUNPATH_SEARCH_PATHS = (
               "$(TOOLCHAIN_DIR)/usr/lib/swift/macosx",
            );
            OTHER_LDFLAGS = (
               "$(inherited)",
            );
            OTHER_SWIFT_FLAGS = (
               "$(inherited)",
            );
            PRODUCT_BUNDLE_IDENTIFIER = "LoggerAPI";
            PRODUCT_MODULE_NAME = "$(TARGET_NAME:c99extidentifier)";
            PRODUCT_NAME = "$(TARGET_NAME:c99extidentifier)";
            SKIP_INSTALL = "YES";
            SWIFT_VERSION = "4.0";
            TARGET_NAME = "LoggerAPI";
         };
         name = "Release";
      };
      "OBJ_241" = {
         isa = "PBXSourcesBuildPhase";
         files = (
            "OBJ_242",
         );
      };
      "OBJ_242" = {
         isa = "PBXBuildFile";
         fileRef = "OBJ_77";
      };
      "OBJ_243" = {
         isa = "PBXFrameworksBuildPhase";
         files = (
         );
      };
      "OBJ_244" = {
         isa = "XCConfigurationList";
         buildConfigurations = (
            "OBJ_245",
            "OBJ_246",
         );
         defaultConfigurationIsVisible = "0";
         defaultConfigurationName = "Debug";
      };
      "OBJ_245" = {
         isa = "XCBuildConfiguration";
         buildSettings = {
            ENABLE_TESTABILITY = "YES";
            FRAMEWORK_SEARCH_PATHS = (
               "$(inherited)",
               "$(PLATFORM_DIR)/Developer/Library/Frameworks",
            );
            HEADER_SEARCH_PATHS = (
               "$(inherited)",
            );
            INFOPLIST_FILE = "BetSwift.xcodeproj/SSLService_Info.plist";
            LD_RUNPATH_SEARCH_PATHS = (
               "$(TOOLCHAIN_DIR)/usr/lib/swift/macosx",
            );
            OTHER_LDFLAGS = (
               "$(inherited)",
            );
            OTHER_SWIFT_FLAGS = (
               "$(inherited)",
            );
            PRODUCT_BUNDLE_IDENTIFIER = "SSLService";
            PRODUCT_MODULE_NAME = "$(TARGET_NAME:c99extidentifier)";
            PRODUCT_NAME = "$(TARGET_NAME:c99extidentifier)";
            SKIP_INSTALL = "YES";
            SWIFT_VERSION = "4.0";
            TARGET_NAME = "SSLService";
         };
         name = "Debug";
      };
      "OBJ_246" = {
         isa = "XCBuildConfiguration";
         buildSettings = {
            ENABLE_TESTABILITY = "YES";
            FRAMEWORK_SEARCH_PATHS = (
               "$(inherited)",
               "$(PLATFORM_DIR)/Developer/Library/Frameworks",
            );
            HEADER_SEARCH_PATHS = (
               "$(inherited)",
            );
            INFOPLIST_FILE = "BetSwift.xcodeproj/SSLService_Info.plist";
            LD_RUNPATH_SEARCH_PATHS = (
               "$(TOOLCHAIN_DIR)/usr/lib/swift/macosx",
            );
            OTHER_LDFLAGS = (
               "$(inherited)",
            );
            OTHER_SWIFT_FLAGS = (
               "$(inherited)",
            );
            PRODUCT_BUNDLE_IDENTIFIER = "SSLService";
            PRODUCT_MODULE_NAME = "$(TARGET_NAME:c99extidentifier)";
            PRODUCT_NAME = "$(TARGET_NAME:c99extidentifier)";
            SKIP_INSTALL = "YES";
            SWIFT_VERSION = "4.0";
            TARGET_NAME = "SSLService";
         };
         name = "Release";
      };
      "OBJ_247" = {
         isa = "PBXSourcesBuildPhase";
         files = (
            "OBJ_248",
         );
      };
      "OBJ_248" = {
         isa = "PBXBuildFile";
         fileRef = "OBJ_81";
      };
      "OBJ_249" = {
         isa = "PBXFrameworksBuildPhase";
         files = (
            "OBJ_250",
         );
      };
      "OBJ_25" = {
         isa = "PBXGroup";
         children = (
            "OBJ_26",
            "OBJ_34",
            "OBJ_74",
         );
         name = "Kitura-net";
         path = "";
         sourceTree = "SOURCE_ROOT";
      };
      "OBJ_250" = {
         isa = "PBXBuildFile";
         fileRef = "Socket::Socket::Product";
      };
      "OBJ_251" = {
         isa = "PBXTargetDependency";
         target = "Socket::Socket";
      };
      "OBJ_252" = {
         isa = "XCConfigurationList";
         buildConfigurations = (
            "OBJ_253",
            "OBJ_254",
         );
         defaultConfigurationIsVisible = "0";
         defaultConfigurationName = "Debug";
      };
      "OBJ_253" = {
         isa = "XCBuildConfiguration";
         buildSettings = {
            ENABLE_TESTABILITY = "YES";
            FRAMEWORK_SEARCH_PATHS = (
               "$(inherited)",
               "$(PLATFORM_DIR)/Developer/Library/Frameworks",
            );
            HEADER_SEARCH_PATHS = (
               "$(inherited)",
            );
            INFOPLIST_FILE = "BetSwift.xcodeproj/Socket_Info.plist";
            LD_RUNPATH_SEARCH_PATHS = (
               "$(TOOLCHAIN_DIR)/usr/lib/swift/macosx",
            );
            OTHER_LDFLAGS = (
               "$(inherited)",
            );
            OTHER_SWIFT_FLAGS = (
               "$(inherited)",
            );
            PRODUCT_BUNDLE_IDENTIFIER = "Socket";
            PRODUCT_MODULE_NAME = "$(TARGET_NAME:c99extidentifier)";
            PRODUCT_NAME = "$(TARGET_NAME:c99extidentifier)";
            SKIP_INSTALL = "YES";
            SWIFT_VERSION = "4.0";
            TARGET_NAME = "Socket";
         };
         name = "Debug";
      };
      "OBJ_254" = {
         isa = "XCBuildConfiguration";
         buildSettings = {
            ENABLE_TESTABILITY = "YES";
            FRAMEWORK_SEARCH_PATHS = (
               "$(inherited)",
               "$(PLATFORM_DIR)/Developer/Library/Frameworks",
            );
            HEADER_SEARCH_PATHS = (
               "$(inherited)",
            );
            INFOPLIST_FILE = "BetSwift.xcodeproj/Socket_Info.plist";
            LD_RUNPATH_SEARCH_PATHS = (
               "$(TOOLCHAIN_DIR)/usr/lib/swift/macosx",
            );
            OTHER_LDFLAGS = (
               "$(inherited)",
            );
            OTHER_SWIFT_FLAGS = (
               "$(inherited)",
            );
            PRODUCT_BUNDLE_IDENTIFIER = "Socket";
            PRODUCT_MODULE_NAME = "$(TARGET_NAME:c99extidentifier)";
            PRODUCT_NAME = "$(TARGET_NAME:c99extidentifier)";
            SKIP_INSTALL = "YES";
            SWIFT_VERSION = "4.0";
            TARGET_NAME = "Socket";
         };
         name = "Release";
      };
      "OBJ_255" = {
         isa = "PBXSourcesBuildPhase";
         files = (
            "OBJ_256",
            "OBJ_257",
            "OBJ_258",
         );
      };
      "OBJ_256" = {
         isa = "PBXBuildFile";
         fileRef = "OBJ_85";
      };
      "OBJ_257" = {
         isa = "PBXBuildFile";
         fileRef = "OBJ_86";
      };
      "OBJ_258" = {
         isa = "PBXBuildFile";
         fileRef = "OBJ_87";
      };
      "OBJ_259" = {
         isa = "PBXFrameworksBuildPhase";
         files = (
         );
      };
      "OBJ_26" = {
         isa = "PBXGroup";
         children = (
            "OBJ_27",
            "OBJ_28",
            "OBJ_29",
         );
         name = "CHTTPParser";
         path = ".build/checkouts/Kitura-net.git-7006692943447382029/Sources/CHTTPParser";
         sourceTree = "SOURCE_ROOT";
      };
      "OBJ_261" = {
         isa = "XCConfigurationList";
         buildConfigurations = (
            "OBJ_262",
            "OBJ_263",
         );
         defaultConfigurationIsVisible = "0";
         defaultConfigurationName = "Debug";
      };
      "OBJ_262" = {
         isa = "XCBuildConfiguration";
         buildSettings = {
         };
         name = "Debug";
      };
      "OBJ_263" = {
         isa = "XCBuildConfiguration";
         buildSettings = {
         };
         name = "Release";
      };
      "OBJ_264" = {
         isa = "PBXTargetDependency";
         target = "BetSwift::BetSwiftTests";
      };
      "OBJ_266" = {
         isa = "XCConfigurationList";
         buildConfigurations = (
            "OBJ_267",
            "OBJ_268",
         );
         defaultConfigurationIsVisible = "0";
         defaultConfigurationName = "Debug";
      };
      "OBJ_267" = {
         isa = "XCBuildConfiguration";
         buildSettings = {
         };
         name = "Debug";
      };
      "OBJ_268" = {
         isa = "XCBuildConfiguration";
         buildSettings = {
         };
         name = "Release";
      };
      "OBJ_269" = {
         isa = "PBXTargetDependency";
         target = "Kitura-net::KituraNet";
      };
      "OBJ_27" = {
         isa = "PBXFileReference";
         path = "http_parser.c";
         sourceTree = "<group>";
      };
      "OBJ_270" = {
         isa = "PBXTargetDependency";
         target = "Kitura-net::CHTTPParser";
      };
      "OBJ_272" = {
         isa = "XCConfigurationList";
         buildConfigurations = (
            "OBJ_273",
            "OBJ_274",
         );
         defaultConfigurationIsVisible = "0";
         defaultConfigurationName = "Debug";
      };
      "OBJ_273" = {
         isa = "XCBuildConfiguration";
         buildSettings = {
         };
         name = "Debug";
      };
      "OBJ_274" = {
         isa = "XCBuildConfiguration";
         buildSettings = {
         };
         name = "Release";
      };
      "OBJ_28" = {
         isa = "PBXFileReference";
         path = "utils.c";
         sourceTree = "<group>";
      };
      "OBJ_29" = {
         isa = "PBXGroup";
         children = (
            "OBJ_30",
            "OBJ_31",
            "OBJ_32",
            "OBJ_33",
         );
         name = "include";
         path = "include";
         sourceTree = "<group>";
      };
      "OBJ_3" = {
         isa = "XCBuildConfiguration";
         buildSettings = {
            CLANG_ENABLE_OBJC_ARC = "YES";
            COMBINE_HIDPI_IMAGES = "YES";
            COPY_PHASE_STRIP = "NO";
            DEBUG_INFORMATION_FORMAT = "dwarf";
            DYLIB_INSTALL_NAME_BASE = "@rpath";
            ENABLE_NS_ASSERTIONS = "YES";
            GCC_OPTIMIZATION_LEVEL = "0";
            MACOSX_DEPLOYMENT_TARGET = "10.10";
            ONLY_ACTIVE_ARCH = "YES";
            OTHER_SWIFT_FLAGS = (
               "-DXcode",
            );
            PRODUCT_NAME = "$(TARGET_NAME)";
            SDKROOT = "macosx";
            SUPPORTED_PLATFORMS = (
               "macosx",
               "iphoneos",
               "iphonesimulator",
               "appletvos",
               "appletvsimulator",
               "watchos",
               "watchsimulator",
            );
            SWIFT_ACTIVE_COMPILATION_CONDITIONS = "SWIFT_PACKAGE";
            SWIFT_OPTIMIZATION_LEVEL = "-Onone";
            USE_HEADERMAP = "NO";
         };
         name = "Debug";
      };
      "OBJ_30" = {
         isa = "PBXFileReference";
         path = "utils.h";
         sourceTree = "<group>";
      };
      "OBJ_31" = {
         isa = "PBXFileReference";
         path = "http_parser.h";
         sourceTree = "<group>";
      };
      "OBJ_32" = {
         isa = "PBXFileReference";
         path = "CHTTPParser.h";
         sourceTree = "<group>";
      };
      "OBJ_33" = {
         isa = "PBXFileReference";
         name = "module.modulemap";
         path = "/Users/John/git/betswift/BetSwift.xcodeproj/GeneratedModuleMap/CHTTPParser/module.modulemap";
         sourceTree = "<group>";
      };
      "OBJ_34" = {
         isa = "PBXGroup";
         children = (
            "OBJ_35",
            "OBJ_36",
            "OBJ_37",
            "OBJ_38",
            "OBJ_39",
            "OBJ_40",
            "OBJ_41",
            "OBJ_48",
            "OBJ_54",
            "OBJ_59",
            "OBJ_60",
            "OBJ_61",
            "OBJ_62",
            "OBJ_63",
            "OBJ_64",
            "OBJ_65",
            "OBJ_66",
            "OBJ_72",
            "OBJ_73",
         );
         name = "KituraNet";
         path = ".build/checkouts/Kitura-net.git-7006692943447382029/Sources/KituraNet";
         sourceTree = "SOURCE_ROOT";
      };
      "OBJ_35" = {
         isa = "PBXFileReference";
         path = "BufferList.swift";
         sourceTree = "<group>";
      };
      "OBJ_36" = {
         isa = "PBXFileReference";
         path = "ClientRequest.swift";
         sourceTree = "<group>";
      };
      "OBJ_37" = {
         isa = "PBXFileReference";
         path = "ClientResponse.swift";
         sourceTree = "<group>";
      };
      "OBJ_38" = {
         isa = "PBXFileReference";
         path = "ConnectionUpgradeFactory.swift";
         sourceTree = "<group>";
      };
      "OBJ_39" = {
         isa = "PBXFileReference";
         path = "ConnectionUpgrader.swift";
         sourceTree = "<group>";
      };
      "OBJ_4" = {
         isa = "XCBuildConfiguration";
         buildSettings = {
            CLANG_ENABLE_OBJC_ARC = "YES";
            COMBINE_HIDPI_IMAGES = "YES";
            COPY_PHASE_STRIP = "YES";
            DEBUG_INFORMATION_FORMAT = "dwarf-with-dsym";
            DYLIB_INSTALL_NAME_BASE = "@rpath";
            GCC_OPTIMIZATION_LEVEL = "s";
            MACOSX_DEPLOYMENT_TARGET = "10.10";
            OTHER_SWIFT_FLAGS = (
               "-DXcode",
            );
            PRODUCT_NAME = "$(TARGET_NAME)";
            SDKROOT = "macosx";
            SUPPORTED_PLATFORMS = (
               "macosx",
               "iphoneos",
               "iphonesimulator",
               "appletvos",
               "appletvsimulator",
               "watchos",
               "watchsimulator",
            );
            SWIFT_ACTIVE_COMPILATION_CONDITIONS = "SWIFT_PACKAGE";
            SWIFT_OPTIMIZATION_LEVEL = "-Owholemodule";
            USE_HEADERMAP = "NO";
         };
         name = "Release";
      };
      "OBJ_40" = {
         isa = "PBXFileReference";
         path = "Error.swift";
         sourceTree = "<group>";
      };
      "OBJ_41" = {
         isa = "PBXGroup";
         children = (
            "OBJ_42",
            "OBJ_43",
            "OBJ_44",
            "OBJ_45",
            "OBJ_46",
            "OBJ_47",
         );
         name = "FastCGI";
         path = "FastCGI";
         sourceTree = "<group>";
      };
      "OBJ_42" = {
         isa = "PBXFileReference";
         path = "FastCGI.swift";
         sourceTree = "<group>";
      };
      "OBJ_43" = {
         isa = "PBXFileReference";
         path = "FastCGIRecordCreate.swift";
         sourceTree = "<group>";
      };
      "OBJ_44" = {
         isa = "PBXFileReference";
         path = "FastCGIRecordParser.swift";
         sourceTree = "<group>";
      };
      "OBJ_45" = {
         isa = "PBXFileReference";
         path = "FastCGIServer.swift";
         sourceTree = "<group>";
      };
      "OBJ_46" = {
         isa = "PBXFileReference";
         path = "FastCGIServerRequest.swift";
         sourceTree = "<group>";
      };
      "OBJ_47" = {
         isa = "PBXFileReference";
         path = "FastCGIServerResponse.swift";
         sourceTree = "<group>";
      };
      "OBJ_48" = {
         isa = "PBXGroup";
         children = (
            "OBJ_49",
            "OBJ_50",
            "OBJ_51",
            "OBJ_52",
            "OBJ_53",
         );
         name = "HTTP";
         path = "HTTP";
         sourceTree = "<group>";
      };
      "OBJ_49" = {
         isa = "PBXFileReference";
         path = "HTTP.swift";
         sourceTree = "<group>";
      };
      "OBJ_5" = {
         isa = "PBXGroup";
         children = (
            "OBJ_6",
            "OBJ_7",
            "OBJ_18",
            "OBJ_23",
            "OBJ_24",
            "OBJ_89",
         );
         path = "";
         sourceTree = "<group>";
      };
      "OBJ_50" = {
         isa = "PBXFileReference";
         path = "HTTPServer.swift";
         sourceTree = "<group>";
      };
      "OBJ_51" = {
         isa = "PBXFileReference";
         path = "HTTPServerRequest.swift";
         sourceTree = "<group>";
      };
      "OBJ_52" = {
         isa = "PBXFileReference";
         path = "HTTPServerResponse.swift";
         sourceTree = "<group>";
      };
      "OBJ_53" = {
         isa = "PBXFileReference";
         path = "IncomingHTTPSocketProcessor.swift";
         sourceTree = "<group>";
      };
      "OBJ_54" = {
         isa = "PBXGroup";
         children = (
            "OBJ_55",
            "OBJ_56",
            "OBJ_57",
            "OBJ_58",
         );
         name = "HTTPParser";
         path = "HTTPParser";
         sourceTree = "<group>";
      };
      "OBJ_55" = {
         isa = "PBXFileReference";
         path = "HTTPParser.swift";
         sourceTree = "<group>";
      };
      "OBJ_56" = {
         isa = "PBXFileReference";
         path = "HTTPParserStatus.swift";
         sourceTree = "<group>";
      };
      "OBJ_57" = {
         isa = "PBXFileReference";
         path = "ParseResults.swift";
         sourceTree = "<group>";
      };
      "OBJ_58" = {
         isa = "PBXFileReference";
         path = "URLParser.swift";
         sourceTree = "<group>";
      };
      "OBJ_59" = {
         isa = "PBXFileReference";
         path = "HeadersContainer.swift";
         sourceTree = "<group>";
      };
      "OBJ_6" = {
         isa = "PBXFileReference";
         explicitFileType = "sourcecode.swift";
         path = "Package.swift";
         sourceTree = "<group>";
      };
      "OBJ_60" = {
         isa = "PBXFileReference";
         path = "IncomingSocketHandler.swift";
         sourceTree = "<group>";
      };
      "OBJ_61" = {
         isa = "PBXFileReference";
         path = "IncomingSocketManager.swift";
         sourceTree = "<group>";
      };
      "OBJ_62" = {
         isa = "PBXFileReference";
         path = "IncomingSocketProcessor.swift";
         sourceTree = "<group>";
      };
      "OBJ_63" = {
         isa = "PBXFileReference";
         path = "IncomingSocketProcessorCreator.swift";
         sourceTree = "<group>";
      };
      "OBJ_64" = {
         isa = "PBXFileReference";
         path = "ListenerGroup.swift";
         sourceTree = "<group>";
      };
      "OBJ_65" = {
         isa = "PBXFileReference";
         path = "SPIUtils.swift";
         sourceTree = "<group>";
      };
      "OBJ_66" = {
         isa = "PBXGroup";
         children = (
            "OBJ_67",
            "OBJ_68",
            "OBJ_69",
            "OBJ_70",
            "OBJ_71",
         );
         name = "Server";
         path = "Server";
         sourceTree = "<group>";
      };
      "OBJ_67" = {
         isa = "PBXFileReference";
         path = "Server.swift";
         sourceTree = "<group>";
      };
      "OBJ_68" = {
         isa = "PBXFileReference";
         path = "ServerDelegate.swift";
         sourceTree = "<group>";
      };
      "OBJ_69" = {
         isa = "PBXFileReference";
         path = "ServerLifecycleListener.swift";
         sourceTree = "<group>";
      };
      "OBJ_7" = {
         isa = "PBXGroup";
         children = (
            "OBJ_8",
         );
         name = "Sources";
         path = "";
         sourceTree = "SOURCE_ROOT";
      };
      "OBJ_70" = {
         isa = "PBXFileReference";
         path = "ServerMonitor.swift";
         sourceTree = "<group>";
      };
      "OBJ_71" = {
         isa = "PBXFileReference";
         path = "ServerState.swift";
         sourceTree = "<group>";
      };
      "OBJ_72" = {
         isa = "PBXFileReference";
         path = "ServerRequest.swift";
         sourceTree = "<group>";
      };
      "OBJ_73" = {
         isa = "PBXFileReference";
         path = "ServerResponse.swift";
         sourceTree = "<group>";
      };
      "OBJ_74" = {
         isa = "PBXFileReference";
         explicitFileType = "sourcecode.swift";
         name = "Package.swift";
         path = "/Users/John/git/betswift/.build/checkouts/Kitura-net.git-7006692943447382029/Package.swift";
         sourceTree = "<group>";
      };
      "OBJ_75" = {
         isa = "PBXGroup";
         children = (
            "OBJ_76",
            "OBJ_78",
         );
         name = "LoggerAPI 1.7.1";
         path = "";
         sourceTree = "SOURCE_ROOT";
      };
      "OBJ_76" = {
         isa = "PBXGroup";
         children = (
            "OBJ_77",
         );
         name = "LoggerAPI";
         path = ".build/checkouts/LoggerAPI.git--6449715459278086880/Sources/LoggerAPI";
         sourceTree = "SOURCE_ROOT";
      };
      "OBJ_77" = {
         isa = "PBXFileReference";
         path = "Logger.swift";
         sourceTree = "<group>";
      };
      "OBJ_78" = {
         isa = "PBXFileReference";
         explicitFileType = "sourcecode.swift";
         name = "Package.swift";
         path = "/Users/John/git/betswift/.build/checkouts/LoggerAPI.git--6449715459278086880/Package.swift";
         sourceTree = "<group>";
      };
      "OBJ_79" = {
         isa = "PBXGroup";
         children = (
            "OBJ_80",
            "OBJ_82",
         );
         name = "SSLService 0.12.64";
         path = "";
         sourceTree = "SOURCE_ROOT";
      };
      "OBJ_8" = {
         isa = "PBXGroup";
         children = (
            "OBJ_9",
            "OBJ_10",
            "OBJ_11",
            "OBJ_12",
            "OBJ_15",
            "OBJ_16",
            "OBJ_17",
         );
         name = "BetSwift";
         path = "Sources/BetSwift";
         sourceTree = "SOURCE_ROOT";
      };
      "OBJ_80" = {
         isa = "PBXGroup";
         children = (
            "OBJ_81",
         );
         name = "SSLService";
         path = ".build/checkouts/BlueSSLService.git--6577639804771281610/Sources/SSLService";
         sourceTree = "SOURCE_ROOT";
      };
      "OBJ_81" = {
         isa = "PBXFileReference";
         path = "SSLService.swift";
         sourceTree = "<group>";
      };
      "OBJ_82" = {
         isa = "PBXFileReference";
         explicitFileType = "sourcecode.swift";
         name = "Package.swift";
         path = "/Users/John/git/betswift/.build/checkouts/BlueSSLService.git--6577639804771281610/Package.swift";
         sourceTree = "<group>";
      };
      "OBJ_83" = {
         isa = "PBXGroup";
         children = (
            "OBJ_84",
            "OBJ_88",
         );
         name = "Socket 0.12.76";
         path = "";
         sourceTree = "SOURCE_ROOT";
      };
      "OBJ_84" = {
         isa = "PBXGroup";
         children = (
            "OBJ_85",
            "OBJ_86",
            "OBJ_87",
         );
         name = "Socket";
         path = ".build/checkouts/BlueSocket.git-3162807777605905816/Sources/Socket";
         sourceTree = "SOURCE_ROOT";
      };
      "OBJ_85" = {
         isa = "PBXFileReference";
         path = "Socket.swift";
         sourceTree = "<group>";
      };
      "OBJ_86" = {
         isa = "PBXFileReference";
         path = "SocketProtocols.swift";
         sourceTree = "<group>";
      };
      "OBJ_87" = {
         isa = "PBXFileReference";
         path = "SocketUtils.swift";
         sourceTree = "<group>";
      };
      "OBJ_88" = {
         isa = "PBXFileReference";
         explicitFileType = "sourcecode.swift";
         name = "Package.swift";
         path = "/Users/John/git/betswift/.build/checkouts/BlueSocket.git-3162807777605905816/Package.swift";
         sourceTree = "<group>";
      };
      "OBJ_89" = {
         isa = "PBXGroup";
         children = (
            "BetSwift::BetSwiftTests::Product",
            "BetSwift::BetSwift::Product",
            "Kitura-net::KituraNet::Product",
            "Kitura-net::CHTTPParser::Product",
            "LoggerAPI::LoggerAPI::Product",
            "SSLService::SSLService::Product",
            "Socket::Socket::Product",
         );
         name = "Products";
         path = "";
         sourceTree = "BUILT_PRODUCTS_DIR";
      };
      "OBJ_9" = {
         isa = "PBXFileReference";
         path = "JSONDictionary.swift";
         sourceTree = "<group>";
      };
      "OBJ_98" = {
         isa = "XCConfigurationList";
         buildConfigurations = (
            "OBJ_99",
            "OBJ_100",
         );
         defaultConfigurationIsVisible = "0";
         defaultConfigurationName = "Debug";
      };
      "OBJ_99" = {
         isa = "XCBuildConfiguration";
         buildSettings = {
            LD = "/usr/bin/true";
            OTHER_SWIFT_FLAGS = (
               "-swift-version",
               "4",
               "-I",
               "/Applications/Xcode.app/Contents/Developer/Toolchains/XcodeDefault.xctoolchain/usr/lib/swift/pm/4",
               "-target",
               "x86_64-apple-macosx10.10",
               "-sdk",
               "/Applications/Xcode.app/Contents/Developer/Platforms/MacOSX.platform/Developer/SDKs/MacOSX10.13.sdk",
            );
            SWIFT_VERSION = "4.0";
         };
         name = "Debug";
      };
      "SSLService::SSLService" = {
         isa = "PBXNativeTarget";
         buildConfigurationList = "OBJ_244";
         buildPhases = (
            "OBJ_247",
            "OBJ_249",
         );
         dependencies = (
            "OBJ_251",
         );
         name = "SSLService";
         productName = "SSLService";
         productReference = "SSLService::SSLService::Product";
         productType = "com.apple.product-type.framework";
      };
      "SSLService::SSLService::Product" = {
         isa = "PBXFileReference";
         path = "SSLService.framework";
         sourceTree = "BUILT_PRODUCTS_DIR";
      };
      "SSLService::SwiftPMPackageDescription" = {
         isa = "PBXNativeTarget";
         buildConfigurationList = "OBJ_116";
         buildPhases = (
            "OBJ_119",
         );
         dependencies = (
         );
         name = "SSLServicePackageDescription";
         productName = "SSLServicePackageDescription";
         productType = "com.apple.product-type.framework";
      };
      "Socket::Socket" = {
         isa = "PBXNativeTarget";
         buildConfigurationList = "OBJ_252";
         buildPhases = (
            "OBJ_255",
            "OBJ_259",
         );
         dependencies = (
         );
         name = "Socket";
         productName = "Socket";
         productReference = "Socket::Socket::Product";
         productType = "com.apple.product-type.framework";
      };
      "Socket::Socket::Product" = {
         isa = "PBXFileReference";
         path = "Socket.framework";
         sourceTree = "BUILT_PRODUCTS_DIR";
      };
      "Socket::SwiftPMPackageDescription" = {
         isa = "PBXNativeTarget";
         buildConfigurationList = "OBJ_122";
         buildPhases = (
            "OBJ_125",
         );
         dependencies = (
         );
         name = "SocketPackageDescription";
         productName = "SocketPackageDescription";
         productType = "com.apple.product-type.framework";
      };
   };
   rootObject = "OBJ_1";
}
